// !$*UTF8*$!
{
	archiveVersion = 1;
	classes = {
	};
	objectVersion = 50;
	objects = {

/* Begin PBXBuildFile section */
		1F0B862C224984BA00BAD2FE /* LocationDetailsViewController.swift in Sources */ = {isa = PBXBuildFile; fileRef = 1F0B862B224984BA00BAD2FE /* LocationDetailsViewController.swift */; };
		1F0B862E2249B4BC00BAD2FE /* CategoryPickerViewController.swift in Sources */ = {isa = PBXBuildFile; fileRef = 1F0B862D2249B4BC00BAD2FE /* CategoryPickerViewController.swift */; };
		1F41DBA022542C3900458B7F /* HUDView.swift in Sources */ = {isa = PBXBuildFile; fileRef = 1F41DB9F22542C3900458B7F /* HUDView.swift */; };
		1F41DBA222544C6D00458B7F /* Functions.swift in Sources */ = {isa = PBXBuildFile; fileRef = 1F41DBA122544C6D00458B7F /* Functions.swift */; };
		1F66C4802242CA53004CC3B5 /* AppDelegate.swift in Sources */ = {isa = PBXBuildFile; fileRef = 1F66C47F2242CA53004CC3B5 /* AppDelegate.swift */; };
		1F66C4822242CA53004CC3B5 /* CurrentLocationViewController.swift in Sources */ = {isa = PBXBuildFile; fileRef = 1F66C4812242CA53004CC3B5 /* CurrentLocationViewController.swift */; };
		1F66C4872242CA53004CC3B5 /* Main.storyboard in Resources */ = {isa = PBXBuildFile; fileRef = 1F66C4852242CA53004CC3B5 /* Main.storyboard */; };
		1F66C4892242CA59004CC3B5 /* Assets.xcassets in Resources */ = {isa = PBXBuildFile; fileRef = 1F66C4882242CA59004CC3B5 /* Assets.xcassets */; };
		1F68A089226934310057B75D /* Sound.caf in Resources */ = {isa = PBXBuildFile; fileRef = 1F68A088226934300057B75D /* Sound.caf */; };
		1F6F462022556C6D00848498 /* DataModel.xcdatamodeld in Sources */ = {isa = PBXBuildFile; fileRef = 1F6F461E22556C6D00848498 /* DataModel.xcdatamodeld */; };
		1F6F462322556E1300848498 /* Location+CoreDataClass.swift in Sources */ = {isa = PBXBuildFile; fileRef = 1F6F462122556E1300848498 /* Location+CoreDataClass.swift */; };
		1F6F462422556E1300848498 /* Location+CoreDataProperties.swift in Sources */ = {isa = PBXBuildFile; fileRef = 1F6F462222556E1300848498 /* Location+CoreDataProperties.swift */; };
		1F8024ED225BE98E0000C6DD /* LocationsViewController.swift in Sources */ = {isa = PBXBuildFile; fileRef = 1F8024EC225BE98E0000C6DD /* LocationsViewController.swift */; };
		1F8024EF225BF7810000C6DD /* LocationCell.swift in Sources */ = {isa = PBXBuildFile; fileRef = 1F8024EE225BF7810000C6DD /* LocationCell.swift */; };
		1F8024F2225C415D0000C6DD /* MapKit.framework in Frameworks */ = {isa = PBXBuildFile; fileRef = 1F8024F1225C415D0000C6DD /* MapKit.framework */; };
		1F8024F4225C41B10000C6DD /* MapViewController.swift in Sources */ = {isa = PBXBuildFile; fileRef = 1F8024F3225C41B10000C6DD /* MapViewController.swift */; };
		1F881470226674DB00E5DCA8 /* UIImage+Resize.swift in Sources */ = {isa = PBXBuildFile; fileRef = 1F88146F226674DB00E5DCA8 /* UIImage+Resize.swift */; };
		1FFA7D8D2267D47F009FD7AD /* String+AddText.swift in Sources */ = {isa = PBXBuildFile; fileRef = 1FFA7D8C2267D47F009FD7AD /* String+AddText.swift */; };
		1FFA7D8F2267E338009FD7AD /* MyTabBarController.swift in Sources */ = {isa = PBXBuildFile; fileRef = 1FFA7D8E2267E338009FD7AD /* MyTabBarController.swift */; };
		1FFA7D912267E5EC009FD7AD /* MyImagePickerController.swift in Sources */ = {isa = PBXBuildFile; fileRef = 1FFA7D902267E5EC009FD7AD /* MyImagePickerController.swift */; };
/* End PBXBuildFile section */

/* Begin PBXFileReference section */
		1F0B862B224984BA00BAD2FE /* LocationDetailsViewController.swift */ = {isa = PBXFileReference; lastKnownFileType = sourcecode.swift; path = LocationDetailsViewController.swift; sourceTree = "<group>"; };
		1F0B862D2249B4BC00BAD2FE /* CategoryPickerViewController.swift */ = {isa = PBXFileReference; lastKnownFileType = sourcecode.swift; path = CategoryPickerViewController.swift; sourceTree = "<group>"; };
		1F41DB9F22542C3900458B7F /* HUDView.swift */ = {isa = PBXFileReference; lastKnownFileType = sourcecode.swift; path = HUDView.swift; sourceTree = "<group>"; };
		1F41DBA122544C6D00458B7F /* Functions.swift */ = {isa = PBXFileReference; lastKnownFileType = sourcecode.swift; path = Functions.swift; sourceTree = "<group>"; };
		1F66C47C2242CA53004CC3B5 /* MyLocations.app */ = {isa = PBXFileReference; explicitFileType = wrapper.application; includeInIndex = 0; path = MyLocations.app; sourceTree = BUILT_PRODUCTS_DIR; };
		1F66C47F2242CA53004CC3B5 /* AppDelegate.swift */ = {isa = PBXFileReference; lastKnownFileType = sourcecode.swift; path = AppDelegate.swift; sourceTree = "<group>"; };
		1F66C4812242CA53004CC3B5 /* CurrentLocationViewController.swift */ = {isa = PBXFileReference; lastKnownFileType = sourcecode.swift; path = CurrentLocationViewController.swift; sourceTree = "<group>"; };
		1F66C4862242CA53004CC3B5 /* Base */ = {isa = PBXFileReference; lastKnownFileType = file.storyboard; name = Base; path = Base.lproj/Main.storyboard; sourceTree = "<group>"; };
		1F66C4882242CA59004CC3B5 /* Assets.xcassets */ = {isa = PBXFileReference; lastKnownFileType = folder.assetcatalog; path = Assets.xcassets; sourceTree = "<group>"; };
		1F66C48D2242CA59004CC3B5 /* Info.plist */ = {isa = PBXFileReference; lastKnownFileType = text.plist.xml; path = Info.plist; sourceTree = "<group>"; };
		1F68A088226934300057B75D /* Sound.caf */ = {isa = PBXFileReference; lastKnownFileType = file; path = Sound.caf; sourceTree = "<group>"; };
		1F6F461F22556C6D00848498 /* DataModel.xcdatamodel */ = {isa = PBXFileReference; lastKnownFileType = wrapper.xcdatamodel; path = DataModel.xcdatamodel; sourceTree = "<group>"; };
		1F6F462122556E1300848498 /* Location+CoreDataClass.swift */ = {isa = PBXFileReference; lastKnownFileType = sourcecode.swift; path = "Location+CoreDataClass.swift"; sourceTree = "<group>"; };
		1F6F462222556E1300848498 /* Location+CoreDataProperties.swift */ = {isa = PBXFileReference; lastKnownFileType = sourcecode.swift; path = "Location+CoreDataProperties.swift"; sourceTree = "<group>"; };
		1F8024EC225BE98E0000C6DD /* LocationsViewController.swift */ = {isa = PBXFileReference; lastKnownFileType = sourcecode.swift; path = LocationsViewController.swift; sourceTree = "<group>"; };
		1F8024EE225BF7810000C6DD /* LocationCell.swift */ = {isa = PBXFileReference; lastKnownFileType = sourcecode.swift; path = LocationCell.swift; sourceTree = "<group>"; };
		1F8024F1225C415D0000C6DD /* MapKit.framework */ = {isa = PBXFileReference; lastKnownFileType = wrapper.framework; name = MapKit.framework; path = System/Library/Frameworks/MapKit.framework; sourceTree = SDKROOT; };
		1F8024F3225C41B10000C6DD /* MapViewController.swift */ = {isa = PBXFileReference; lastKnownFileType = sourcecode.swift; path = MapViewController.swift; sourceTree = "<group>"; };
		1F88146F226674DB00E5DCA8 /* UIImage+Resize.swift */ = {isa = PBXFileReference; lastKnownFileType = sourcecode.swift; path = "UIImage+Resize.swift"; sourceTree = "<group>"; };
		1FFA7D8C2267D47F009FD7AD /* String+AddText.swift */ = {isa = PBXFileReference; lastKnownFileType = sourcecode.swift; path = "String+AddText.swift"; sourceTree = "<group>"; };
		1FFA7D8E2267E338009FD7AD /* MyTabBarController.swift */ = {isa = PBXFileReference; lastKnownFileType = sourcecode.swift; path = MyTabBarController.swift; sourceTree = "<group>"; };
		1FFA7D902267E5EC009FD7AD /* MyImagePickerController.swift */ = {isa = PBXFileReference; lastKnownFileType = sourcecode.swift; path = MyImagePickerController.swift; sourceTree = "<group>"; };
/* End PBXFileReference section */

/* Begin PBXFrameworksBuildPhase section */
		1F66C4792242CA52004CC3B5 /* Frameworks */ = {
			isa = PBXFrameworksBuildPhase;
			buildActionMask = 2147483647;
			files = (
				1F8024F2225C415D0000C6DD /* MapKit.framework in Frameworks */,
			);
			runOnlyForDeploymentPostprocessing = 0;
		};
/* End PBXFrameworksBuildPhase section */

/* Begin PBXGroup section */
		1F5D861D225D638200FBD232 /* ViewControllers */ = {
			isa = PBXGroup;
			children = (
				1F5D8622225D850600FBD232 /* Tab3 */,
				1F5D8621225D640F00FBD232 /* Tab2 */,
				1F5D8620225D640200FBD232 /* Tab1 */,
			);
			path = ViewControllers;
			sourceTree = "<group>";
		};
		1F5D861E225D63AF00FBD232 /* Other */ = {
			isa = PBXGroup;
			children = (
				1F66C47F2242CA53004CC3B5 /* AppDelegate.swift */,
				1F41DBA122544C6D00458B7F /* Functions.swift */,
				1F41DB9F22542C3900458B7F /* HUDView.swift */,
				1F88146F226674DB00E5DCA8 /* UIImage+Resize.swift */,
				1F8024EE225BF7810000C6DD /* LocationCell.swift */,
				1FFA7D8C2267D47F009FD7AD /* String+AddText.swift */,
				1FFA7D8E2267E338009FD7AD /* MyTabBarController.swift */,
				1FFA7D902267E5EC009FD7AD /* MyImagePickerController.swift */,
			);
			path = Other;
			sourceTree = "<group>";
		};
		1F5D861F225D63E000FBD232 /* Resources */ = {
			isa = PBXGroup;
			children = (
				1F66C4882242CA59004CC3B5 /* Assets.xcassets */,
				1F6F461E22556C6D00848498 /* DataModel.xcdatamodeld */,
				1F66C4852242CA53004CC3B5 /* Main.storyboard */,
			);
			path = Resources;
			sourceTree = "<group>";
		};
		1F5D8620225D640200FBD232 /* Tab1 */ = {
			isa = PBXGroup;
			children = (
				1F66C4812242CA53004CC3B5 /* CurrentLocationViewController.swift */,
				1F0B862B224984BA00BAD2FE /* LocationDetailsViewController.swift */,
				1F0B862D2249B4BC00BAD2FE /* CategoryPickerViewController.swift */,
			);
			path = Tab1;
			sourceTree = "<group>";
		};
		1F5D8621225D640F00FBD232 /* Tab2 */ = {
			isa = PBXGroup;
			children = (
				1F8024EC225BE98E0000C6DD /* LocationsViewController.swift */,
			);
			path = Tab2;
			sourceTree = "<group>";
		};
		1F5D8622225D850600FBD232 /* Tab3 */ = {
			isa = PBXGroup;
			children = (
				1F8024F3225C41B10000C6DD /* MapViewController.swift */,
			);
			path = Tab3;
			sourceTree = "<group>";
		};
		1F66C4732242CA52004CC3B5 = {
			isa = PBXGroup;
			children = (
				1F6F462122556E1300848498 /* Location+CoreDataClass.swift */,
				1F6F462222556E1300848498 /* Location+CoreDataProperties.swift */,
				1F66C47E2242CA53004CC3B5 /* MyLocations */,
				1F66C47D2242CA53004CC3B5 /* Products */,
				1F8024F0225C415D0000C6DD /* Frameworks */,
			);
			sourceTree = "<group>";
		};
		1F66C47D2242CA53004CC3B5 /* Products */ = {
			isa = PBXGroup;
			children = (
				1F66C47C2242CA53004CC3B5 /* MyLocations.app */,
			);
			name = Products;
			sourceTree = "<group>";
		};
		1F66C47E2242CA53004CC3B5 /* MyLocations */ = {
			isa = PBXGroup;
			children = (
				1F66C48D2242CA59004CC3B5 /* Info.plist */,
				1F68A087226934300057B75D /* Sounds */,
				1F5D861F225D63E000FBD232 /* Resources */,
				1F5D861E225D63AF00FBD232 /* Other */,
				1F5D861D225D638200FBD232 /* ViewControllers */,
			);
			path = MyLocations;
			sourceTree = "<group>";
		};
		1F68A087226934300057B75D /* Sounds */ = {
			isa = PBXGroup;
			children = (
				1F68A088226934300057B75D /* Sound.caf */,
			);
			path = Sounds;
			sourceTree = "<group>";
		};
		1F8024F0225C415D0000C6DD /* Frameworks */ = {
			isa = PBXGroup;
			children = (
				1F8024F1225C415D0000C6DD /* MapKit.framework */,
			);
			name = Frameworks;
			sourceTree = "<group>";
		};
/* End PBXGroup section */

/* Begin PBXNativeTarget section */
		1F66C47B2242CA52004CC3B5 /* MyLocations */ = {
			isa = PBXNativeTarget;
			buildConfigurationList = 1F66C4902242CA59004CC3B5 /* Build configuration list for PBXNativeTarget "MyLocations" */;
			buildPhases = (
				1F66C4782242CA52004CC3B5 /* Sources */,
				1F66C4792242CA52004CC3B5 /* Frameworks */,
				1F66C47A2242CA52004CC3B5 /* Resources */,
			);
			buildRules = (
			);
			dependencies = (
			);
			name = MyLocations;
			productName = MyLocations;
			productReference = 1F66C47C2242CA53004CC3B5 /* MyLocations.app */;
			productType = "com.apple.product-type.application";
		};
/* End PBXNativeTarget section */

/* Begin PBXProject section */
		1F66C4742242CA52004CC3B5 /* Project object */ = {
			isa = PBXProject;
			attributes = {
				LastSwiftUpdateCheck = 1010;
				LastUpgradeCheck = 1010;
				ORGANIZATIONNAME = "Jeffery Trotz";
				TargetAttributes = {
					1F66C47B2242CA52004CC3B5 = {
						CreatedOnToolsVersion = 10.1;
						SystemCapabilities = {
							com.apple.Maps.iOS = {
								enabled = 1;
							};
						};
					};
				};
			};
			buildConfigurationList = 1F66C4772242CA52004CC3B5 /* Build configuration list for PBXProject "MyLocations" */;
			compatibilityVersion = "Xcode 9.3";
			developmentRegion = en;
			hasScannedForEncodings = 0;
			knownRegions = (
				en,
				Base,
			);
			mainGroup = 1F66C4732242CA52004CC3B5;
			productRefGroup = 1F66C47D2242CA53004CC3B5 /* Products */;
			projectDirPath = "";
			projectRoot = "";
			targets = (
				1F66C47B2242CA52004CC3B5 /* MyLocations */,
			);
		};
/* End PBXProject section */

/* Begin PBXResourcesBuildPhase section */
		1F66C47A2242CA52004CC3B5 /* Resources */ = {
			isa = PBXResourcesBuildPhase;
			buildActionMask = 2147483647;
			files = (
				1F66C4892242CA59004CC3B5 /* Assets.xcassets in Resources */,
				1F68A089226934310057B75D /* Sound.caf in Resources */,
				1F66C4872242CA53004CC3B5 /* Main.storyboard in Resources */,
			);
			runOnlyForDeploymentPostprocessing = 0;
		};
/* End PBXResourcesBuildPhase section */

/* Begin PBXSourcesBuildPhase section */
		1F66C4782242CA52004CC3B5 /* Sources */ = {
			isa = PBXSourcesBuildPhase;
			buildActionMask = 2147483647;
			files = (
				1F41DBA022542C3900458B7F /* HUDView.swift in Sources */,
				1F6F462022556C6D00848498 /* DataModel.xcdatamodeld in Sources */,
				1F0B862C224984BA00BAD2FE /* LocationDetailsViewController.swift in Sources */,
				1FFA7D912267E5EC009FD7AD /* MyImagePickerController.swift in Sources */,
				1F8024ED225BE98E0000C6DD /* LocationsViewController.swift in Sources */,
				1F6F462422556E1300848498 /* Location+CoreDataProperties.swift in Sources */,
				1F8024F4225C41B10000C6DD /* MapViewController.swift in Sources */,
				1F8024EF225BF7810000C6DD /* LocationCell.swift in Sources */,
				1F41DBA222544C6D00458B7F /* Functions.swift in Sources */,
				1F66C4802242CA53004CC3B5 /* AppDelegate.swift in Sources */,
				1F6F462322556E1300848498 /* Location+CoreDataClass.swift in Sources */,
				1F881470226674DB00E5DCA8 /* UIImage+Resize.swift in Sources */,
				1FFA7D8D2267D47F009FD7AD /* String+AddText.swift in Sources */,
				1F0B862E2249B4BC00BAD2FE /* CategoryPickerViewController.swift in Sources */,
				1F66C4822242CA53004CC3B5 /* CurrentLocationViewController.swift in Sources */,
				1FFA7D8F2267E338009FD7AD /* MyTabBarController.swift in Sources */,
			);
			runOnlyForDeploymentPostprocessing = 0;
		};
/* End PBXSourcesBuildPhase section */

/* Begin PBXVariantGroup section */
		1F66C4852242CA53004CC3B5 /* Main.storyboard */ = {
			isa = PBXVariantGroup;
			children = (
				1F66C4862242CA53004CC3B5 /* Base */,
			);
			name = Main.storyboard;
			sourceTree = "<group>";
		};
/* End PBXVariantGroup section */

/* Begin XCBuildConfiguration section */
		1F66C48E2242CA59004CC3B5 /* Debug */ = {
			isa = XCBuildConfiguration;
			buildSettings = {
				ALWAYS_SEARCH_USER_PATHS = NO;
				CLANG_ANALYZER_NONNULL = YES;
				CLANG_ANALYZER_NUMBER_OBJECT_CONVERSION = YES_AGGRESSIVE;
				CLANG_CXX_LANGUAGE_STANDARD = "gnu++14";
				CLANG_CXX_LIBRARY = "libc++";
				CLANG_ENABLE_MODULES = YES;
				CLANG_ENABLE_OBJC_ARC = YES;
				CLANG_ENABLE_OBJC_WEAK = YES;
				CLANG_WARN_BLOCK_CAPTURE_AUTORELEASING = YES;
				CLANG_WARN_BOOL_CONVERSION = YES;
				CLANG_WARN_COMMA = YES;
				CLANG_WARN_CONSTANT_CONVERSION = YES;
				CLANG_WARN_DEPRECATED_OBJC_IMPLEMENTATIONS = YES;
				CLANG_WARN_DIRECT_OBJC_ISA_USAGE = YES_ERROR;
				CLANG_WARN_DOCUMENTATION_COMMENTS = YES;
				CLANG_WARN_EMPTY_BODY = YES;
				CLANG_WARN_ENUM_CONVERSION = YES;
				CLANG_WARN_INFINITE_RECURSION = YES;
				CLANG_WARN_INT_CONVERSION = YES;
				CLANG_WARN_NON_LITERAL_NULL_CONVERSION = YES;
				CLANG_WARN_OBJC_IMPLICIT_RETAIN_SELF = YES;
				CLANG_WARN_OBJC_LITERAL_CONVERSION = YES;
				CLANG_WARN_OBJC_ROOT_CLASS = YES_ERROR;
				CLANG_WARN_RANGE_LOOP_ANALYSIS = YES;
				CLANG_WARN_STRICT_PROTOTYPES = YES;
				CLANG_WARN_SUSPICIOUS_MOVE = YES;
				CLANG_WARN_UNGUARDED_AVAILABILITY = YES_AGGRESSIVE;
				CLANG_WARN_UNREACHABLE_CODE = YES;
				CLANG_WARN__DUPLICATE_METHOD_MATCH = YES;
				CODE_SIGN_IDENTITY = "iPhone Developer";
				COPY_PHASE_STRIP = NO;
				DEBUG_INFORMATION_FORMAT = dwarf;
				ENABLE_STRICT_OBJC_MSGSEND = YES;
				ENABLE_TESTABILITY = YES;
				GCC_C_LANGUAGE_STANDARD = gnu11;
				GCC_DYNAMIC_NO_PIC = NO;
				GCC_NO_COMMON_BLOCKS = YES;
				GCC_OPTIMIZATION_LEVEL = 0;
				GCC_PREPROCESSOR_DEFINITIONS = (
					"DEBUG=1",
					"$(inherited)",
				);
				GCC_WARN_64_TO_32_BIT_CONVERSION = YES;
				GCC_WARN_ABOUT_RETURN_TYPE = YES_ERROR;
				GCC_WARN_UNDECLARED_SELECTOR = YES;
				GCC_WARN_UNINITIALIZED_AUTOS = YES_AGGRESSIVE;
				GCC_WARN_UNUSED_FUNCTION = YES;
				GCC_WARN_UNUSED_VARIABLE = YES;
				IPHONEOS_DEPLOYMENT_TARGET = 12.1;
				MTL_ENABLE_DEBUG_INFO = INCLUDE_SOURCE;
				MTL_FAST_MATH = YES;
				ONLY_ACTIVE_ARCH = YES;
				SDKROOT = iphoneos;
				SWIFT_ACTIVE_COMPILATION_CONDITIONS = DEBUG;
				SWIFT_OPTIMIZATION_LEVEL = "-Onone";
			};
			name = Debug;
		};
		1F66C48F2242CA59004CC3B5 /* Release */ = {
			isa = XCBuildConfiguration;
			buildSettings = {
				ALWAYS_SEARCH_USER_PATHS = NO;
				CLANG_ANALYZER_NONNULL = YES;
				CLANG_ANALYZER_NUMBER_OBJECT_CONVERSION = YES_AGGRESSIVE;
				CLANG_CXX_LANGUAGE_STANDARD = "gnu++14";
				CLANG_CXX_LIBRARY = "libc++";
				CLANG_ENABLE_MODULES = YES;
				CLANG_ENABLE_OBJC_ARC = YES;
				CLANG_ENABLE_OBJC_WEAK = YES;
				CLANG_WARN_BLOCK_CAPTURE_AUTORELEASING = YES;
				CLANG_WARN_BOOL_CONVERSION = YES;
				CLANG_WARN_COMMA = YES;
				CLANG_WARN_CONSTANT_CONVERSION = YES;
				CLANG_WARN_DEPRECATED_OBJC_IMPLEMENTATIONS = YES;
				CLANG_WARN_DIRECT_OBJC_ISA_USAGE = YES_ERROR;
				CLANG_WARN_DOCUMENTATION_COMMENTS = YES;
				CLANG_WARN_EMPTY_BODY = YES;
				CLANG_WARN_ENUM_CONVERSION = YES;
				CLANG_WARN_INFINITE_RECURSION = YES;
				CLANG_WARN_INT_CONVERSION = YES;
				CLANG_WARN_NON_LITERAL_NULL_CONVERSION = YES;
				CLANG_WARN_OBJC_IMPLICIT_RETAIN_SELF = YES;
				CLANG_WARN_OBJC_LITERAL_CONVERSION = YES;
				CLANG_WARN_OBJC_ROOT_CLASS = YES_ERROR;
				CLANG_WARN_RANGE_LOOP_ANALYSIS = YES;
				CLANG_WARN_STRICT_PROTOTYPES = YES;
				CLANG_WARN_SUSPICIOUS_MOVE = YES;
				CLANG_WARN_UNGUARDED_AVAILABILITY = YES_AGGRESSIVE;
				CLANG_WARN_UNREACHABLE_CODE = YES;
				CLANG_WARN__DUPLICATE_METHOD_MATCH = YES;
				CODE_SIGN_IDENTITY = "iPhone Developer";
				COPY_PHASE_STRIP = NO;
				DEBUG_INFORMATION_FORMAT = "dwarf-with-dsym";
				ENABLE_NS_ASSERTIONS = NO;
				ENABLE_STRICT_OBJC_MSGSEND = YES;
				GCC_C_LANGUAGE_STANDARD = gnu11;
				GCC_NO_COMMON_BLOCKS = YES;
				GCC_WARN_64_TO_32_BIT_CONVERSION = YES;
				GCC_WARN_ABOUT_RETURN_TYPE = YES_ERROR;
				GCC_WARN_UNDECLARED_SELECTOR = YES;
				GCC_WARN_UNINITIALIZED_AUTOS = YES_AGGRESSIVE;
				GCC_WARN_UNUSED_FUNCTION = YES;
				GCC_WARN_UNUSED_VARIABLE = YES;
				IPHONEOS_DEPLOYMENT_TARGET = 12.1;
				MTL_ENABLE_DEBUG_INFO = NO;
				MTL_FAST_MATH = YES;
				SDKROOT = iphoneos;
				SWIFT_COMPILATION_MODE = wholemodule;
				SWIFT_OPTIMIZATION_LEVEL = "-O";
				VALIDATE_PRODUCT = YES;
			};
			name = Release;
		};
		1F66C4912242CA59004CC3B5 /* Debug */ = {
			isa = XCBuildConfiguration;
			buildSettings = {
				ASSETCATALOG_COMPILER_APPICON_NAME = AppIcon;
				ASSETCATALOG_COMPILER_LAUNCHIMAGE_NAME = LaunchImage;
				CODE_SIGN_STYLE = Automatic;
				INFOPLIST_FILE = MyLocations/Info.plist;
				LD_RUNPATH_SEARCH_PATHS = (
					"$(inherited)",
					"@executable_path/Frameworks",
				);
				PRODUCT_BUNDLE_IDENTIFIER = com.JeffTrotz.MyLocations;
				PRODUCT_NAME = "$(TARGET_NAME)";
				SWIFT_VERSION = 4.2;
				TARGETED_DEVICE_FAMILY = "1,2";
			};
			name = Debug;
		};
		1F66C4922242CA59004CC3B5 /* Release */ = {
			isa = XCBuildConfiguration;
			buildSettings = {
				ASSETCATALOG_COMPILER_APPICON_NAME = AppIcon;
				ASSETCATALOG_COMPILER_LAUNCHIMAGE_NAME = LaunchImage;
				CODE_SIGN_STYLE = Automatic;
				INFOPLIST_FILE = MyLocations/Info.plist;
				LD_RUNPATH_SEARCH_PATHS = (
					"$(inherited)",
					"@executable_path/Frameworks",
				);
				PRODUCT_BUNDLE_IDENTIFIER = com.JeffTrotz.MyLocations;
				PRODUCT_NAME = "$(TARGET_NAME)";
				SWIFT_VERSION = 4.2;
				TARGETED_DEVICE_FAMILY = "1,2";
			};
			name = Release;
		};
/* End XCBuildConfiguration section */

/* Begin XCConfigurationList section */
		1F66C4772242CA52004CC3B5 /* Build configuration list for PBXProject "MyLocations" */ = {
			isa = XCConfigurationList;
			buildConfigurations = (
				1F66C48E2242CA59004CC3B5 /* Debug */,
				1F66C48F2242CA59004CC3B5 /* Release */,
			);
			defaultConfigurationIsVisible = 0;
			defaultConfigurationName = Release;
		};
		1F66C4902242CA59004CC3B5 /* Build configuration list for PBXNativeTarget "MyLocations" */ = {
			isa = XCConfigurationList;
			buildConfigurations = (
				1F66C4912242CA59004CC3B5 /* Debug */,
				1F66C4922242CA59004CC3B5 /* Release */,
			);
			defaultConfigurationIsVisible = 0;
			defaultConfigurationName = Release;
		};
/* End XCConfigurationList section */

/* Begin XCVersionGroup section */
		1F6F461E22556C6D00848498 /* DataModel.xcdatamodeld */ = {
			isa = XCVersionGroup;
			children = (
				1F6F461F22556C6D00848498 /* DataModel.xcdatamodel */,
			);
			currentVersion = 1F6F461F22556C6D00848498 /* DataModel.xcdatamodel */;
			path = DataModel.xcdatamodeld;
			sourceTree = "<group>";
			versionGroupType = wrapper.xcdatamodel;
		};
/* End XCVersionGroup section */
	};
	rootObject = 1F66C4742242CA52004CC3B5 /* Project object */;
}
